
Microsoft Visual Studio Solution File, Format Version 12.00
# Visual Studio Version 17
VisualStudioVersion = 17.0.32112.339
MinimumVisualStudioVersion = 10.0.40219.1
Project("{9A19103F-16F7-4668-BE54-9A1E7A4F7556}") = "OfficeDeskScheduler", "OfficeDeskScheduler\OfficeDeskScheduler.csproj", "{525D11A7-A286-4BE3-A5F5-80C88DFC4716}"
EndProject
Project("{9A19103F-16F7-4668-BE54-9A1E7A4F7556}") = "Services", "Services\Services.csproj", "{4E49AE52-91E1-417E-94A5-4FBF846E77F5}"
EndProject
Global
	GlobalSection(SolutionConfigurationPlatforms) = preSolution
		Debug|Any CPU = Debug|Any CPU
		Release|Any CPU = Release|Any CPU
	EndGlobalSection
	GlobalSection(ProjectConfigurationPlatforms) = postSolution
		{525D11A7-A286-4BE3-A5F5-80C88DFC4716}.Debug|Any CPU.ActiveCfg = Debug|Any CPU
		{525D11A7-A286-4BE3-A5F5-80C88DFC4716}.Debug|Any CPU.Build.0 = Debug|Any CPU
		{525D11A7-A286-4BE3-A5F5-80C88DFC4716}.Release|Any CPU.ActiveCfg = Release|Any CPU
		{525D11A7-A286-4BE3-A5F5-80C88DFC4716}.Release|Any CPU.Build.0 = Release|Any CPU
		{4E49AE52-91E1-417E-94A5-4FBF846E77F5}.Debug|Any CPU.ActiveCfg = Debug|Any CPU
		{4E49AE52-91E1-417E-94A5-4FBF846E77F5}.Debug|Any CPU.Build.0 = Debug|Any CPU
		{4E49AE52-91E1-417E-94A5-4FBF846E77F5}.Release|Any CPU.ActiveCfg = Release|Any CPU
		{4E49AE52-91E1-417E-94A5-4FBF846E77F5}.Release|Any CPU.Build.0 = Release|Any CPU
	EndGlobalSection
	GlobalSection(SolutionProperties) = preSolution
		HideSolutionNode = FALSE
	EndGlobalSection
	GlobalSection(ExtensibilityGlobals) = postSolution
		SolutionGuid = {5632F9ED-CBC0-44D7-88EC-0F01D992D501}
	EndGlobalSection
EndGlobal
